
Microsoft Visual Studio Solution File, Format Version 12.00
# Visual Studio Version 16
VisualStudioVersion = 16.0.33027.164
MinimumVisualStudioVersion = 10.0.40219.1
Project("{FAE04EC0-301F-11D3-BF4B-00C04F79EFBC}") = "Liu2102275A.Server", "Liu2102275A\Server\Liu2102275A.Server.csproj", "{4DBE8EE8-1BEC-4B17-A606-93C7B0C6A8A4}"
EndProject
Project("{FAE04EC0-301F-11D3-BF4B-00C04F79EFBC}") = "Liu2102275A.Client", "Liu2102275A\Client\Liu2102275A.Client.csproj", "{F3002207-DC64-44C1-BDCA-FCCC1C7C28A0}"
EndProject
Project("{FAE04EC0-301F-11D3-BF4B-00C04F79EFBC}") = "Liu2102275A.Shared", "Liu2102275A\Shared\Liu2102275A.Shared.csproj", "{B14BDD3E-9577-4327-969C-791921DC05ED}"
EndProject
Global
	GlobalSection(SolutionConfigurationPlatforms) = preSolution
		Debug|Any CPU = Debug|Any CPU
		Release|Any CPU = Release|Any CPU
	EndGlobalSection
	GlobalSection(ProjectConfigurationPlatforms) = postSolution
		{4DBE8EE8-1BEC-4B17-A606-93C7B0C6A8A4}.Debug|Any CPU.ActiveCfg = Debug|Any CPU
		{4DBE8EE8-1BEC-4B17-A606-93C7B0C6A8A4}.Debug|Any CPU.Build.0 = Debug|Any CPU
		{4DBE8EE8-1BEC-4B17-A606-93C7B0C6A8A4}.Release|Any CPU.ActiveCfg = Release|Any CPU
		{4DBE8EE8-1BEC-4B17-A606-93C7B0C6A8A4}.Release|Any CPU.Build.0 = Release|Any CPU
		{F3002207-DC64-44C1-BDCA-FCCC1C7C28A0}.Debug|Any CPU.ActiveCfg = Debug|Any CPU
		{F3002207-DC64-44C1-BDCA-FCCC1C7C28A0}.Debug|Any CPU.Build.0 = Debug|Any CPU
		{F3002207-DC64-44C1-BDCA-FCCC1C7C28A0}.Release|Any CPU.ActiveCfg = Release|Any CPU
		{F3002207-DC64-44C1-BDCA-FCCC1C7C28A0}.Release|Any CPU.Build.0 = Release|Any CPU
		{B14BDD3E-9577-4327-969C-791921DC05ED}.Debug|Any CPU.ActiveCfg = Debug|Any CPU
		{B14BDD3E-9577-4327-969C-791921DC05ED}.Debug|Any CPU.Build.0 = Debug|Any CPU
		{B14BDD3E-9577-4327-969C-791921DC05ED}.Release|Any CPU.ActiveCfg = Release|Any CPU
		{B14BDD3E-9577-4327-969C-791921DC05ED}.Release|Any CPU.Build.0 = Release|Any CPU
	EndGlobalSection
	GlobalSection(SolutionProperties) = preSolution
		HideSolutionNode = FALSE
	EndGlobalSection
	GlobalSection(ExtensibilityGlobals) = postSolution
		SolutionGuid = {3C109E72-CDC6-4303-BC45-519FF0B5A725}
	EndGlobalSection
EndGlobal
